// !$*UTF8*$!
{
	archiveVersion = 1;
	classes = {
	};
	objectVersion = 46;
	objects = {

/* Begin PBXBuildFile section */
		D0B421ED1A88E66200D43B09 /* main.m in Sources */ = {isa = PBXBuildFile; fileRef = D0B421EC1A88E66200D43B09 /* main.m */; };
		D0B421F01A88E66200D43B09 /* AppDelegate.m in Sources */ = {isa = PBXBuildFile; fileRef = D0B421EF1A88E66200D43B09 /* AppDelegate.m */; };
		D0B421F61A88E66200D43B09 /* Main.storyboard in Resources */ = {isa = PBXBuildFile; fileRef = D0B421F41A88E66200D43B09 /* Main.storyboard */; };
		D0B421F81A88E66200D43B09 /* Images.xcassets in Resources */ = {isa = PBXBuildFile; fileRef = D0B421F71A88E66200D43B09 /* Images.xcassets */; };
		D0B421FB1A88E66200D43B09 /* LaunchScreen.xib in Resources */ = {isa = PBXBuildFile; fileRef = D0B421F91A88E66200D43B09 /* LaunchScreen.xib */; };
		D0B422071A88E66200D43B09 /* _CardGamesTests.m in Sources */ = {isa = PBXBuildFile; fileRef = D0B422061A88E66200D43B09 /* _CardGamesTests.m */; };
		D0FF8C541A88E8BF00D6AE8C /* Card.m in Sources */ = {isa = PBXBuildFile; fileRef = D0FF8C531A88E8BF00D6AE8C /* Card.m */; };
		D0FF8C581A88E93E00D6AE8C /* Deck.m in Sources */ = {isa = PBXBuildFile; fileRef = D0FF8C571A88E93E00D6AE8C /* Deck.m */; };
		D0FF8C5B1A88EB4B00D6AE8C /* PlayingCard.m in Sources */ = {isa = PBXBuildFile; fileRef = D0FF8C5A1A88EB4B00D6AE8C /* PlayingCard.m */; };
		D0FF8C5E1A88EC2300D6AE8C /* PlayingCardDeck.m in Sources */ = {isa = PBXBuildFile; fileRef = D0FF8C5D1A88EC2300D6AE8C /* PlayingCardDeck.m */; };
		D0FF8C611A88EC8100D6AE8C /* SetCard.m in Sources */ = {isa = PBXBuildFile; fileRef = D0FF8C601A88EC8100D6AE8C /* SetCard.m */; };
		D0FF8C641A88F5A800D6AE8C /* SetCardDeck.m in Sources */ = {isa = PBXBuildFile; fileRef = D0FF8C631A88F5A800D6AE8C /* SetCardDeck.m */; };
		D0FF8C671A89F5E900D6AE8C /* GameViewController.m in Sources */ = {isa = PBXBuildFile; fileRef = D0FF8C661A89F5E900D6AE8C /* GameViewController.m */; };
		D0FF8C6A1A89FD3C00D6AE8C /* PlayingCardMatchingGame.m in Sources */ = {isa = PBXBuildFile; fileRef = D0FF8C691A89FD3C00D6AE8C /* PlayingCardMatchingGame.m */; };
		D0FF8C701A8A3C8500D6AE8C /* SetCardMatchingGame.m in Sources */ = {isa = PBXBuildFile; fileRef = D0FF8C6F1A8A3C8500D6AE8C /* SetCardMatchingGame.m */; };
/* End PBXBuildFile section */

/* Begin PBXContainerItemProxy section */
		D0B422011A88E66200D43B09 /* PBXContainerItemProxy */ = {
			isa = PBXContainerItemProxy;
			containerPortal = D0B421DF1A88E66200D43B09 /* Project object */;
			proxyType = 1;
			remoteGlobalIDString = D0B421E61A88E66200D43B09;
			remoteInfo = 2CardGames;
		};
/* End PBXContainerItemProxy section */

/* Begin PBXFileReference section */
		D0B421E71A88E66200D43B09 /* 2CardGames.app */ = {isa = PBXFileReference; explicitFileType = wrapper.application; includeInIndex = 0; path = 2CardGames.app; sourceTree = BUILT_PRODUCTS_DIR; };
		D0B421EB1A88E66200D43B09 /* Info.plist */ = {isa = PBXFileReference; lastKnownFileType = text.plist.xml; path = Info.plist; sourceTree = "<group>"; };
		D0B421EC1A88E66200D43B09 /* main.m */ = {isa = PBXFileReference; lastKnownFileType = sourcecode.c.objc; path = main.m; sourceTree = "<group>"; };
		D0B421EE1A88E66200D43B09 /* AppDelegate.h */ = {isa = PBXFileReference; lastKnownFileType = sourcecode.c.h; path = AppDelegate.h; sourceTree = "<group>"; };
		D0B421EF1A88E66200D43B09 /* AppDelegate.m */ = {isa = PBXFileReference; lastKnownFileType = sourcecode.c.objc; path = AppDelegate.m; sourceTree = "<group>"; };
		D0B421F51A88E66200D43B09 /* Base */ = {isa = PBXFileReference; lastKnownFileType = file.storyboard; name = Base; path = Base.lproj/Main.storyboard; sourceTree = "<group>"; };
		D0B421F71A88E66200D43B09 /* Images.xcassets */ = {isa = PBXFileReference; lastKnownFileType = folder.assetcatalog; path = Images.xcassets; sourceTree = "<group>"; };
		D0B421FA1A88E66200D43B09 /* Base */ = {isa = PBXFileReference; lastKnownFileType = file.xib; name = Base; path = Base.lproj/LaunchScreen.xib; sourceTree = "<group>"; };
		D0B422001A88E66200D43B09 /* 2CardGamesTests.xctest */ = {isa = PBXFileReference; explicitFileType = wrapper.cfbundle; includeInIndex = 0; path = 2CardGamesTests.xctest; sourceTree = BUILT_PRODUCTS_DIR; };
		D0B422051A88E66200D43B09 /* Info.plist */ = {isa = PBXFileReference; lastKnownFileType = text.plist.xml; path = Info.plist; sourceTree = "<group>"; };
		D0B422061A88E66200D43B09 /* _CardGamesTests.m */ = {isa = PBXFileReference; lastKnownFileType = sourcecode.c.objc; path = _CardGamesTests.m; sourceTree = "<group>"; };
		D0FF8C521A88E8BF00D6AE8C /* Card.h */ = {isa = PBXFileReference; fileEncoding = 4; lastKnownFileType = sourcecode.c.h; name = Card.h; path = Model/Card.h; sourceTree = "<group>"; };
		D0FF8C531A88E8BF00D6AE8C /* Card.m */ = {isa = PBXFileReference; fileEncoding = 4; lastKnownFileType = sourcecode.c.objc; name = Card.m; path = Model/Card.m; sourceTree = "<group>"; };
		D0FF8C561A88E93E00D6AE8C /* Deck.h */ = {isa = PBXFileReference; fileEncoding = 4; lastKnownFileType = sourcecode.c.h; name = Deck.h; path = Model/Deck.h; sourceTree = "<group>"; };
		D0FF8C571A88E93E00D6AE8C /* Deck.m */ = {isa = PBXFileReference; fileEncoding = 4; lastKnownFileType = sourcecode.c.objc; name = Deck.m; path = Model/Deck.m; sourceTree = "<group>"; };
		D0FF8C591A88EB4B00D6AE8C /* PlayingCard.h */ = {isa = PBXFileReference; fileEncoding = 4; lastKnownFileType = sourcecode.c.h; name = PlayingCard.h; path = Model/PlayingCard.h; sourceTree = "<group>"; };
		D0FF8C5A1A88EB4B00D6AE8C /* PlayingCard.m */ = {isa = PBXFileReference; fileEncoding = 4; lastKnownFileType = sourcecode.c.objc; name = PlayingCard.m; path = Model/PlayingCard.m; sourceTree = "<group>"; };
		D0FF8C5C1A88EC2300D6AE8C /* PlayingCardDeck.h */ = {isa = PBXFileReference; fileEncoding = 4; lastKnownFileType = sourcecode.c.h; name = PlayingCardDeck.h; path = Model/PlayingCardDeck.h; sourceTree = "<group>"; };
		D0FF8C5D1A88EC2300D6AE8C /* PlayingCardDeck.m */ = {isa = PBXFileReference; fileEncoding = 4; lastKnownFileType = sourcecode.c.objc; name = PlayingCardDeck.m; path = Model/PlayingCardDeck.m; sourceTree = "<group>"; };
		D0FF8C5F1A88EC8100D6AE8C /* SetCard.h */ = {isa = PBXFileReference; fileEncoding = 4; lastKnownFileType = sourcecode.c.h; name = SetCard.h; path = Model/SetCard.h; sourceTree = "<group>"; };
		D0FF8C601A88EC8100D6AE8C /* SetCard.m */ = {isa = PBXFileReference; fileEncoding = 4; lastKnownFileType = sourcecode.c.objc; name = SetCard.m; path = Model/SetCard.m; sourceTree = "<group>"; };
		D0FF8C621A88F5A800D6AE8C /* SetCardDeck.h */ = {isa = PBXFileReference; fileEncoding = 4; lastKnownFileType = sourcecode.c.h; name = SetCardDeck.h; path = Model/SetCardDeck.h; sourceTree = "<group>"; };
		D0FF8C631A88F5A800D6AE8C /* SetCardDeck.m */ = {isa = PBXFileReference; fileEncoding = 4; lastKnownFileType = sourcecode.c.objc; name = SetCardDeck.m; path = Model/SetCardDeck.m; sourceTree = "<group>"; };
		D0FF8C651A89F5E900D6AE8C /* GameViewController.h */ = {isa = PBXFileReference; fileEncoding = 4; lastKnownFileType = sourcecode.c.h; path = GameViewController.h; sourceTree = "<group>"; };
		D0FF8C661A89F5E900D6AE8C /* GameViewController.m */ = {isa = PBXFileReference; fileEncoding = 4; lastKnownFileType = sourcecode.c.objc; path = GameViewController.m; sourceTree = "<group>"; };
		D0FF8C681A89FD3C00D6AE8C /* PlayingCardMatchingGame.h */ = {isa = PBXFileReference; fileEncoding = 4; lastKnownFileType = sourcecode.c.h; name = PlayingCardMatchingGame.h; path = Model/PlayingCardMatchingGame.h; sourceTree = "<group>"; };
		D0FF8C691A89FD3C00D6AE8C /* PlayingCardMatchingGame.m */ = {isa = PBXFileReference; fileEncoding = 4; lastKnownFileType = sourcecode.c.objc; name = PlayingCardMatchingGame.m; path = Model/PlayingCardMatchingGame.m; sourceTree = "<group>"; };
		D0FF8C6E1A8A3C8500D6AE8C /* SetCardMatchingGame.h */ = {isa = PBXFileReference; fileEncoding = 4; lastKnownFileType = sourcecode.c.h; name = SetCardMatchingGame.h; path = Model/SetCardMatchingGame.h; sourceTree = "<group>"; };
		D0FF8C6F1A8A3C8500D6AE8C /* SetCardMatchingGame.m */ = {isa = PBXFileReference; fileEncoding = 4; lastKnownFileType = sourcecode.c.objc; name = SetCardMatchingGame.m; path = Model/SetCardMatchingGame.m; sourceTree = "<group>"; };
/* End PBXFileReference section */

/* Begin PBXFrameworksBuildPhase section */
		D0B421E41A88E66200D43B09 /* Frameworks */ = {
			isa = PBXFrameworksBuildPhase;
			buildActionMask = 2147483647;
			files = (
			);
			runOnlyForDeploymentPostprocessing = 0;
		};
		D0B421FD1A88E66200D43B09 /* Frameworks */ = {
			isa = PBXFrameworksBuildPhase;
			buildActionMask = 2147483647;
			files = (
			);
			runOnlyForDeploymentPostprocessing = 0;
		};
/* End PBXFrameworksBuildPhase section */

/* Begin PBXGroup section */
		D0B421DE1A88E66200D43B09 = {
			isa = PBXGroup;
			children = (
				D0B421E91A88E66200D43B09 /* 2CardGames */,
				D0B422031A88E66200D43B09 /* 2CardGamesTests */,
				D0B421E81A88E66200D43B09 /* Products */,
			);
			sourceTree = "<group>";
		};
		D0B421E81A88E66200D43B09 /* Products */ = {
			isa = PBXGroup;
			children = (
				D0B421E71A88E66200D43B09 /* 2CardGames.app */,
				D0B422001A88E66200D43B09 /* 2CardGamesTests.xctest */,
			);
			name = Products;
			sourceTree = "<group>";
		};
		D0B421E91A88E66200D43B09 /* 2CardGames */ = {
			isa = PBXGroup;
			children = (
				D0FF8C551A88E8CE00D6AE8C /* Model */,
				D0B421F41A88E66200D43B09 /* Main.storyboard */,
				D0FF8C651A89F5E900D6AE8C /* GameViewController.h */,
				D0FF8C661A89F5E900D6AE8C /* GameViewController.m */,
				D0B421EA1A88E66200D43B09 /* Supporting Files */,
			);
			path = 2CardGames;
			sourceTree = "<group>";
		};
		D0B421EA1A88E66200D43B09 /* Supporting Files */ = {
			isa = PBXGroup;
			children = (
				D0B421EE1A88E66200D43B09 /* AppDelegate.h */,
				D0B421EF1A88E66200D43B09 /* AppDelegate.m */,
				D0B421F71A88E66200D43B09 /* Images.xcassets */,
				D0B421F91A88E66200D43B09 /* LaunchScreen.xib */,
				D0B421EB1A88E66200D43B09 /* Info.plist */,
				D0B421EC1A88E66200D43B09 /* main.m */,
			);
			name = "Supporting Files";
			sourceTree = "<group>";
		};
		D0B422031A88E66200D43B09 /* 2CardGamesTests */ = {
			isa = PBXGroup;
			children = (
				D0B422061A88E66200D43B09 /* _CardGamesTests.m */,
				D0B422041A88E66200D43B09 /* Supporting Files */,
			);
			path = 2CardGamesTests;
			sourceTree = "<group>";
		};
		D0B422041A88E66200D43B09 /* Supporting Files */ = {
			isa = PBXGroup;
			children = (
				D0B422051A88E66200D43B09 /* Info.plist */,
			);
			name = "Supporting Files";
			sourceTree = "<group>";
		};
		D0FF8C551A88E8CE00D6AE8C /* Model */ = {
			isa = PBXGroup;
			children = (
				D0FF8C521A88E8BF00D6AE8C /* Card.h */,
				D0FF8C531A88E8BF00D6AE8C /* Card.m */,
				D0FF8C561A88E93E00D6AE8C /* Deck.h */,
				D0FF8C571A88E93E00D6AE8C /* Deck.m */,
				D0FF8C591A88EB4B00D6AE8C /* PlayingCard.h */,
				D0FF8C5A1A88EB4B00D6AE8C /* PlayingCard.m */,
				D0FF8C5C1A88EC2300D6AE8C /* PlayingCardDeck.h */,
				D0FF8C5D1A88EC2300D6AE8C /* PlayingCardDeck.m */,
				D0FF8C681A89FD3C00D6AE8C /* PlayingCardMatchingGame.h */,
				D0FF8C691A89FD3C00D6AE8C /* PlayingCardMatchingGame.m */,
				D0FF8C5F1A88EC8100D6AE8C /* SetCard.h */,
				D0FF8C601A88EC8100D6AE8C /* SetCard.m */,
				D0FF8C621A88F5A800D6AE8C /* SetCardDeck.h */,
				D0FF8C631A88F5A800D6AE8C /* SetCardDeck.m */,
				D0FF8C6E1A8A3C8500D6AE8C /* SetCardMatchingGame.h */,
				D0FF8C6F1A8A3C8500D6AE8C /* SetCardMatchingGame.m */,
			);
			name = Model;
			sourceTree = "<group>";
		};
/* End PBXGroup section */

/* Begin PBXNativeTarget section */
		D0B421E61A88E66200D43B09 /* 2CardGames */ = {
			isa = PBXNativeTarget;
			buildConfigurationList = D0B4220A1A88E66200D43B09 /* Build configuration list for PBXNativeTarget "2CardGames" */;
			buildPhases = (
				D0B421E31A88E66200D43B09 /* Sources */,
				D0B421E41A88E66200D43B09 /* Frameworks */,
				D0B421E51A88E66200D43B09 /* Resources */,
			);
			buildRules = (
			);
			dependencies = (
			);
			name = 2CardGames;
			productName = 2CardGames;
			productReference = D0B421E71A88E66200D43B09 /* 2CardGames.app */;
			productType = "com.apple.product-type.application";
		};
		D0B421FF1A88E66200D43B09 /* 2CardGamesTests */ = {
			isa = PBXNativeTarget;
			buildConfigurationList = D0B4220D1A88E66200D43B09 /* Build configuration list for PBXNativeTarget "2CardGamesTests" */;
			buildPhases = (
				D0B421FC1A88E66200D43B09 /* Sources */,
				D0B421FD1A88E66200D43B09 /* Frameworks */,
				D0B421FE1A88E66200D43B09 /* Resources */,
			);
			buildRules = (
			);
			dependencies = (
				D0B422021A88E66200D43B09 /* PBXTargetDependency */,
			);
			name = 2CardGamesTests;
			productName = 2CardGamesTests;
			productReference = D0B422001A88E66200D43B09 /* 2CardGamesTests.xctest */;
			productType = "com.apple.product-type.bundle.unit-test";
		};
/* End PBXNativeTarget section */

/* Begin PBXProject section */
		D0B421DF1A88E66200D43B09 /* Project object */ = {
			isa = PBXProject;
			attributes = {
				LastUpgradeCheck = 0610;
				ORGANIZATIONNAME = qianchen;
				TargetAttributes = {
					D0B421E61A88E66200D43B09 = {
						CreatedOnToolsVersion = 6.1.1;
					};
					D0B421FF1A88E66200D43B09 = {
						CreatedOnToolsVersion = 6.1.1;
						TestTargetID = D0B421E61A88E66200D43B09;
					};
				};
			};
			buildConfigurationList = D0B421E21A88E66200D43B09 /* Build configuration list for PBXProject "2CardGames" */;
			compatibilityVersion = "Xcode 3.2";
			developmentRegion = English;
			hasScannedForEncodings = 0;
			knownRegions = (
				en,
				Base,
			);
			mainGroup = D0B421DE1A88E66200D43B09;
			productRefGroup = D0B421E81A88E66200D43B09 /* Products */;
			projectDirPath = "";
			projectRoot = "";
			targets = (
				D0B421E61A88E66200D43B09 /* 2CardGames */,
				D0B421FF1A88E66200D43B09 /* 2CardGamesTests */,
			);
		};
/* End PBXProject section */

/* Begin PBXResourcesBuildPhase section */
		D0B421E51A88E66200D43B09 /* Resources */ = {
			isa = PBXResourcesBuildPhase;
			buildActionMask = 2147483647;
			files = (
				D0B421F61A88E66200D43B09 /* Main.storyboard in Resources */,
				D0B421FB1A88E66200D43B09 /* LaunchScreen.xib in Resources */,
				D0B421F81A88E66200D43B09 /* Images.xcassets in Resources */,
			);
			runOnlyForDeploymentPostprocessing = 0;
		};
		D0B421FE1A88E66200D43B09 /* Resources */ = {
			isa = PBXResourcesBuildPhase;
			buildActionMask = 2147483647;
			files = (
			);
			runOnlyForDeploymentPostprocessing = 0;
		};
/* End PBXResourcesBuildPhase section */

/* Begin PBXSourcesBuildPhase section */
		D0B421E31A88E66200D43B09 /* Sources */ = {
			isa = PBXSourcesBuildPhase;
			buildActionMask = 2147483647;
			files = (
				D0FF8C701A8A3C8500D6AE8C /* SetCardMatchingGame.m in Sources */,
				D0FF8C581A88E93E00D6AE8C /* Deck.m in Sources */,
				D0FF8C6A1A89FD3C00D6AE8C /* PlayingCardMatchingGame.m in Sources */,
				D0FF8C5E1A88EC2300D6AE8C /* PlayingCardDeck.m in Sources */,
				D0B421F01A88E66200D43B09 /* AppDelegate.m in Sources */,
				D0B421ED1A88E66200D43B09 /* main.m in Sources */,
				D0FF8C671A89F5E900D6AE8C /* GameViewController.m in Sources */,
				D0FF8C5B1A88EB4B00D6AE8C /* PlayingCard.m in Sources */,
				D0FF8C641A88F5A800D6AE8C /* SetCardDeck.m in Sources */,
				D0FF8C541A88E8BF00D6AE8C /* Card.m in Sources */,
				D0FF8C611A88EC8100D6AE8C /* SetCard.m in Sources */,
			);
			runOnlyForDeploymentPostprocessing = 0;
		};
		D0B421FC1A88E66200D43B09 /* Sources */ = {
			isa = PBXSourcesBuildPhase;
			buildActionMask = 2147483647;
			files = (
				D0B422071A88E66200D43B09 /* _CardGamesTests.m in Sources */,
			);
			runOnlyForDeploymentPostprocessing = 0;
		};
/* End PBXSourcesBuildPhase section */

/* Begin PBXTargetDependency section */
		D0B422021A88E66200D43B09 /* PBXTargetDependency */ = {
			isa = PBXTargetDependency;
			target = D0B421E61A88E66200D43B09 /* 2CardGames */;
			targetProxy = D0B422011A88E66200D43B09 /* PBXContainerItemProxy */;
		};
/* End PBXTargetDependency section */

/* Begin PBXVariantGroup section */
		D0B421F41A88E66200D43B09 /* Main.storyboard */ = {
			isa = PBXVariantGroup;
			children = (
				D0B421F51A88E66200D43B09 /* Base */,
			);
			name = Main.storyboard;
			sourceTree = "<group>";
		};
		D0B421F91A88E66200D43B09 /* LaunchScreen.xib */ = {
			isa = PBXVariantGroup;
			children = (
				D0B421FA1A88E66200D43B09 /* Base */,
			);
			name = LaunchScreen.xib;
			sourceTree = "<group>";
		};
/* End PBXVariantGroup section */

/* Begin XCBuildConfiguration section */
		D0B422081A88E66200D43B09 /* Debug */ = {
			isa = XCBuildConfiguration;
			buildSettings = {
				ALWAYS_SEARCH_USER_PATHS = NO;
				CLANG_CXX_LANGUAGE_STANDARD = "gnu++0x";
				CLANG_CXX_LIBRARY = "libc++";
				CLANG_ENABLE_MODULES = YES;
				CLANG_ENABLE_OBJC_ARC = YES;
				CLANG_WARN_BOOL_CONVERSION = YES;
				CLANG_WARN_CONSTANT_CONVERSION = YES;
				CLANG_WARN_DIRECT_OBJC_ISA_USAGE = YES_ERROR;
				CLANG_WARN_EMPTY_BODY = YES;
				CLANG_WARN_ENUM_CONVERSION = YES;
				CLANG_WARN_INT_CONVERSION = YES;
				CLANG_WARN_OBJC_ROOT_CLASS = YES_ERROR;
				CLANG_WARN_UNREACHABLE_CODE = YES;
				CLANG_WARN__DUPLICATE_METHOD_MATCH = YES;
				"CODE_SIGN_IDENTITY[sdk=iphoneos*]" = "iPhone Developer";
				COPY_PHASE_STRIP = NO;
				ENABLE_STRICT_OBJC_MSGSEND = YES;
				GCC_C_LANGUAGE_STANDARD = gnu99;
				GCC_DYNAMIC_NO_PIC = NO;
				GCC_OPTIMIZATION_LEVEL = 0;
				GCC_PREPROCESSOR_DEFINITIONS = (
					"DEBUG=1",
					"$(inherited)",
				);
				GCC_SYMBOLS_PRIVATE_EXTERN = NO;
				GCC_WARN_64_TO_32_BIT_CONVERSION = YES;
				GCC_WARN_ABOUT_RETURN_TYPE = YES_ERROR;
				GCC_WARN_UNDECLARED_SELECTOR = YES;
				GCC_WARN_UNINITIALIZED_AUTOS = YES_AGGRESSIVE;
				GCC_WARN_UNUSED_FUNCTION = YES;
				GCC_WARN_UNUSED_VARIABLE = YES;
				IPHONEOS_DEPLOYMENT_TARGET = 8.1;
				MTL_ENABLE_DEBUG_INFO = YES;
				ONLY_ACTIVE_ARCH = YES;
				SDKROOT = iphoneos;
			};
			name = Debug;
		};
		D0B422091A88E66200D43B09 /* Release */ = {
			isa = XCBuildConfiguration;
			buildSettings = {
				ALWAYS_SEARCH_USER_PATHS = NO;
				CLANG_CXX_LANGUAGE_STANDARD = "gnu++0x";
				CLANG_CXX_LIBRARY = "libc++";
				CLANG_ENABLE_MODULES = YES;
				CLANG_ENABLE_OBJC_ARC = YES;
				CLANG_WARN_BOOL_CONVERSION = YES;
				CLANG_WARN_CONSTANT_CONVERSION = YES;
				CLANG_WARN_DIRECT_OBJC_ISA_USAGE = YES_ERROR;
				CLANG_WARN_EMPTY_BODY = YES;
				CLANG_WARN_ENUM_CONVERSION = YES;
				CLANG_WARN_INT_CONVERSION = YES;
				CLANG_WARN_OBJC_ROOT_CLASS = YES_ERROR;
				CLANG_WARN_UNREACHABLE_CODE = YES;
				CLANG_WARN__DUPLICATE_METHOD_MATCH = YES;
				"CODE_SIGN_IDENTITY[sdk=iphoneos*]" = "iPhone Developer";
				COPY_PHASE_STRIP = YES;
				ENABLE_NS_ASSERTIONS = NO;
				ENABLE_STRICT_OBJC_MSGSEND = YES;
				GCC_C_LANGUAGE_STANDARD = gnu99;
				GCC_WARN_64_TO_32_BIT_CONVERSION = YES;
				GCC_WARN_ABOUT_RETURN_TYPE = YES_ERROR;
				GCC_WARN_UNDECLARED_SELECTOR = YES;
				GCC_WARN_UNINITIALIZED_AUTOS = YES_AGGRESSIVE;
				GCC_WARN_UNUSED_FUNCTION = YES;
				GCC_WARN_UNUSED_VARIABLE = YES;
				IPHONEOS_DEPLOYMENT_TARGET = 8.1;
				MTL_ENABLE_DEBUG_INFO = NO;
				SDKROOT = iphoneos;
				VALIDATE_PRODUCT = YES;
			};
			name = Release;
		};
		D0B4220B1A88E66200D43B09 /* Debug */ = {
			isa = XCBuildConfiguration;
			buildSettings = {
				ASSETCATALOG_COMPILER_APPICON_NAME = AppIcon;
				INFOPLIST_FILE = 2CardGames/Info.plist;
				LD_RUNPATH_SEARCH_PATHS = "$(inherited) @executable_path/Frameworks";
				PRODUCT_NAME = "$(TARGET_NAME)";
			};
			name = Debug;
		};
		D0B4220C1A88E66200D43B09 /* Release */ = {
			isa = XCBuildConfiguration;
			buildSettings = {
				ASSETCATALOG_COMPILER_APPICON_NAME = AppIcon;
				INFOPLIST_FILE = 2CardGames/Info.plist;
				LD_RUNPATH_SEARCH_PATHS = "$(inherited) @executable_path/Frameworks";
				PRODUCT_NAME = "$(TARGET_NAME)";
			};
			name = Release;
		};
		D0B4220E1A88E66200D43B09 /* Debug */ = {
			isa = XCBuildConfiguration;
			buildSettings = {
				BUNDLE_LOADER = "$(TEST_HOST)";
				FRAMEWORK_SEARCH_PATHS = (
					"$(SDKROOT)/Developer/Library/Frameworks",
					"$(inherited)",
				);
				GCC_PREPROCESSOR_DEFINITIONS = (
					"DEBUG=1",
					"$(inherited)",
				);
				INFOPLIST_FILE = 2CardGamesTests/Info.plist;
				LD_RUNPATH_SEARCH_PATHS = "$(inherited) @executable_path/Frameworks @loader_path/Frameworks";
				PRODUCT_NAME = "$(TARGET_NAME)";
				TEST_HOST = "$(BUILT_PRODUCTS_DIR)/2CardGames.app/2CardGames";
			};
			name = Debug;
		};
		D0B4220F1A88E66200D43B09 /* Release */ = {
			isa = XCBuildConfiguration;
			buildSettings = {
				BUNDLE_LOADER = "$(TEST_HOST)";
				FRAMEWORK_SEARCH_PATHS = (
					"$(SDKROOT)/Developer/Library/Frameworks",
					"$(inherited)",
				);
				INFOPLIST_FILE = 2CardGamesTests/Info.plist;
				LD_RUNPATH_SEARCH_PATHS = "$(inherited) @executable_path/Frameworks @loader_path/Frameworks";
				PRODUCT_NAME = "$(TARGET_NAME)";
				TEST_HOST = "$(BUILT_PRODUCTS_DIR)/2CardGames.app/2CardGames";
			};
			name = Release;
		};
/* End XCBuildConfiguration section */

/* Begin XCConfigurationList section */
		D0B421E21A88E66200D43B09 /* Build configuration list for PBXProject "2CardGames" */ = {
			isa = XCConfigurationList;
			buildConfigurations = (
				D0B422081A88E66200D43B09 /* Debug */,
				D0B422091A88E66200D43B09 /* Release */,
			);
			defaultConfigurationIsVisible = 0;
			defaultConfigurationName = Release;
		};
		D0B4220A1A88E66200D43B09 /* Build configuration list for PBXNativeTarget "2CardGames" */ = {
			isa = XCConfigurationList;
			buildConfigurations = (
				D0B4220B1A88E66200D43B09 /* Debug */,
				D0B4220C1A88E66200D43B09 /* Release */,
			);
			defaultConfigurationIsVisible = 0;
			defaultConfigurationName = Release;
		};
		D0B4220D1A88E66200D43B09 /* Build configuration list for PBXNativeTarget "2CardGamesTests" */ = {
			isa = XCConfigurationList;
			buildConfigurations = (
				D0B4220E1A88E66200D43B09 /* Debug */,
				D0B4220F1A88E66200D43B09 /* Release */,
			);
			defaultConfigurationIsVisible = 0;
			defaultConfigurationName = Release;
		};
/* End XCConfigurationList section */
	};
	rootObject = D0B421DF1A88E66200D43B09 /* Project object */;
}
